github.com/andybalholm/brotli v1.0.0 h1:7UCwP93aiSfvWpapti8g88vVVGp2qqtGyePsSuDafo4=
github.com/andybalholm/brotli v1.0.0/go.mod h1:loMXtMfwqflxFJPmdbJO0a3KNoPuLBgiu3qAvBg8x/Y=
github.com/blackjack/webcam v0.0.0-20200313125108-10ed912a8539 h1:1aIqYfg9s9RETAJHGfVKZW4ok0b22p4QTwk8MsdRtPs=
github.com/blackjack/webcam v0.0.0-20200313125108-10ed912a8539/go.mod h1:G0X+rEqYPWSq0dG8OMf8M446MtKytzpPjgS3HbdOJZ4=
github.com/d2r2/go-bsbmp v0.0.0-20190515110334-3b4b3aea8375 h1:vdUOwcZdV+bBfGUUh5oPPWSzw9p+lBnNSuGgQwGpCH4=
github.com/d2r2/go-bsbmp v0.0.0-20190515110334-3b4b3aea8375/go.mod h1:3iz1WHlYJU9b4NJei+Q8G7DN3K05arcCMlOQ+qNCDjo=
github.com/d2r2/go-i2c v0.0.0-20191123181816-73a8a799d6bc h1:HLRSIWzUGMLCq4ldt0W1GLs3nnAxa5EGoP+9qHgh6j0=
github.com/d2r2/go-i2c v0.0.0-20191123181816-73a8a799d6bc/go.mod h1:AwxDPnsgIpy47jbGXZHA9Rv7pDkOJvQbezPuK1Y+nNk=
github.com/d2r2/go-logger v0.0.0-20181221090742-9998a510495e h1:ZG3JBA6rPRl0xxQ+nNSfO7tor8w+CNCTs05DNJQYbLM=
github.com/d2r2/go-logger v0.0.0-20181221090742-9998a510495e/go.mod h1:oA+9PUt8F1aKJ6o4YU1T120i7sgo1T6/1LWEEBy0BSs=
github.com/davecgh/go-spew v1.1.0 h1:ZDRjVQ15GmhC3fiQ8ni8+OwkZQO4DARzQgrnXU1Liz8=
github.com/davecgh/go-spew v1.1.0/go.mod h1:J7Y8YcW2NihsgmVo/mv3lAwl/skON4iLHjSsI+c5H38=
github.com/gomarkdown/markdown v0.0.0-20210408062403-ad838ccf8cdd/go.mod h1:aii0r/K0ZnHv7G0KF7xy1v0A7s2Ljrb5byB7MO5p6TU=
github.com/google/uuid v1.2.0 h1:qJYtXnJRWmpe7m/3XlyhrsLrEURqHRM2kxzoxXqyUDs=
github.com/google/uuid v1.2.0/go.mod h1:TIyPZe4MgqvfeYDBFedMoGGpEw/LqOeaOT+nhxU+yHo=
github.com/kataras/compress v0.0.6 h1:EMFR0GuyrLaTp3BmqKciVcyyb6By+dVJgY4deP1sz+A=
github.com/kataras/compress v0.0.6/go.mod h1:xru59oerl89gl/p3nzbmGR12C9+XMdlZ8jNF43XyEPA=
github.com/klauspost/compress v1.10.10 h1:a/y8CglcM7gLGYmlbP/stPE5sR3hbhFRUjCBfd/0B3I=
github.com/klauspost/compress v1.10.10/go.mod h1:aoV0uJVorq1K+umq18yTdKaF57EivdYsUV+/s2qKfXs=
github.com/maxence-charriere/go-app v0.1.0 h1:3HqxtgBTGsybtunBjFvzvHFv/fteMx0MJsLiKqWNx4I=
github.com/maxence-charriere/go-app/v9 v9.0.0-20210424172519-841eccd01cdf h1:zP/SNFSG1enQImg4sYTiwvCqTbMzFOXbCPIN8LzoZK4=
github.com/maxence-charriere/go-app/v9 v9.0.0-20210424172519-841eccd01cdf/go.mod h1:zo0n1kh4OMKn7P+MrTUUi7QwUMU2HOfHsZ293TITtxI=
github.com/pmezard/go-difflib v1.0.0/go.mod h1:iKH77koFhYxTK1pcRnkKkqfTogsbg7gZNVY4sRDYZ/4=
github.com/robfig/cron v1.2.0 h1:ZjScXvvxeQ63Dbyxy76Fj3AT3Ut0aKsyd2/tl3DTMuQ=
github.com/robfig/cron/v3 v3.0.1 h1:WdRxkvbJztn8LMz/QEvLN5sBU+xKpSqwwUO1Pjr4qDs=
github.com/robfig/cron/v3 v3.0.1/go.mod h1:eQICP3HwyT7UooqI/z+Ov+PtYAWygg1TEWWzGIFLtro=
github.com/stianeikeland/go-rpio v1.0.0 h1:9a5DDConuUBSBR4mYsr9dV0uAxGypybCumg0KR2o3fc=
github.com/stianeikeland/go-rpio v3.0.0+incompatible h1:AWDcfdnPPZ7Jikis6HNj0EgujMfB4t7oi4nZd5cIqko=
github.com/stianeikeland/go-rpio/v4 v4.4.0 h1:LScvNyXHF412co42LG5t7bvBDbtDAhLF828ebaGqmjA=
github.com/stianeikeland/go-rpio/v4 v4.4.0/go.mod h1:BkK52zk+FRk8wCTDf88/86Sojc+NfUiCAHd1ZV3RuTM=
github.com/stretchr/objx v0.1.0/go.mod h1:HFkY916IF+rwdDfMAkV7OtwuqBVzrE8GR6GFx+wExME=
github.com/stretchr/testify v1.6.1/go.mod h1:6Fq8oRcR53rry900zMqJjRRixrwX3KX962/h/Wwjteg=
github.com/studio-b12/gowebdav v0.0.0-20210203212356-8244b5a5f51a h1:Zq18I/ONL/ynTg+mhn78lyh14vNjOqaWfLKVZDwFUk4=
github.com/studio-b12/gowebdav v0.0.0-20210203212356-8244b5a5f51a/go.mod h1:gCcfDlA1Y7GqOaeEKw5l9dOGx1VLdc/HuQSlQAaZ30s=
github.com/studio-b12/gowebdav v0.0.0-20210427212133-86f8378cf140 h1:JCSn/2k3AQ0aJGs5Yx2xv6qrW0CAULc1E+xtSxeeQ/E=
github.com/studio-b12/gowebdav v0.0.0-20210427212133-86f8378cf140/go.mod h1:gCcfDlA1Y7GqOaeEKw5l9dOGx1VLdc/HuQSlQAaZ30s=
golang.org/dl v0.0.0-20190829154251-82a15e2f2ead/go.mod h1:IUMfjQLJQd4UTqG1Z90tenwKoCX93Gn3MAQJMOSBsDQ=
golang.org/x/net v0.0.0-20210415231046-e915ea6b2b7d/go.mod h1:9tjilg8BloeKEkVJvy7fQ90B1CfIiPueXVOjqfkSzI8=
golang.org/x/sys v0.0.0-20201119102817-f84b799fce68/go.mod h1:h1NjWce9XRLGQEsW7wpKNCjG9DtNlClVuFLEZdDNbEs=
golang.org/x/sys v0.0.0-20210330210617-4fbd30eecc44/go.mod h1:h1NjWce9XRLGQEsW7wpKNCjG9DtNlClVuFLEZdDNbEs=
golang.org/x/sys v0.0.0-20210426230700-d19ff857e887 h1:dXfMednGJh/SUUFjTLsWJz3P+TQt9qnR11GgeI3vWKs=
golang.org/x/sys v0.0.0-20210426230700-d19ff857e887/go.mod h1:h1NjWce9XRLGQEsW7wpKNCjG9DtNlClVuFLEZdDNbEs=
golang.org/x/term v0.0.0-20201126162022-7de9c90e9dd1/go.mod h1:bj7SfCRtBDWHUb9snDiAeCFNEtKQo2Wmx5Cou7ajbmo=
golang.org/x/text v0.3.6/go.mod h1:5Zoc/QRtKVWzQhOtBMvqHzDpF6irO9z98xDceosuGiQ=
golang.org/x/tools v0.0.0-20180917221912-90fa682c2a6e/go.mod h1:n7NCudcB/nEzxVGmLbDWY5pfWTLqBcC2KZ6jyYvM4mQ=
gopkg.in/check.v1 v0.0.0-20161208181325-20d25e280405/go.mod h1:Co6ibVJAznAaIkqp8huTwlJQCZ016jof/cbN4VW5Yz0=
gopkg.in/yaml.v3 v3.0.0-20200313102051-9f266ea9e77c/go.mod h1:K4uyk7z7BCEPqu6E+C64Yfv1cQ7kz7rIZviUmN+EgEM=
